
Microsoft Visual Studio Solution File, Format Version 12.00
# Visual Studio 15
VisualStudioVersion = 15.0.28010.2016
MinimumVisualStudioVersion = 10.0.40219.1
Project("{FAE04EC0-301F-11D3-BF4B-00C04F79EFBC}") = "WeatherApp.Android", "WeatherApp\WeatherApp.Android\WeatherApp.Android.csproj", "{9B901E03-8331-427D-842A-A30E08C3EDF0}"
EndProject
Project("{FAE04EC0-301F-11D3-BF4B-00C04F79EFBC}") = "WeatherApp.iOS", "WeatherApp\WeatherApp.iOS\WeatherApp.iOS.csproj", "{968C5B1E-3FB3-478D-8A83-13EEF8A1D5D4}"
EndProject
Project("{FAE04EC0-301F-11D3-BF4B-00C04F79EFBC}") = "WeatherApp", "WeatherApp\WeatherApp\WeatherApp.csproj", "{461B99E0-E2F5-4083-9FA0-B40CB7B2797C}"
EndProject
Global
	GlobalSection(SolutionConfigurationPlatforms) = preSolution
		Ad-Hoc|Any CPU = Ad-Hoc|Any CPU
		Ad-Hoc|iPhone = Ad-Hoc|iPhone
		Ad-Hoc|iPhoneSimulator = Ad-Hoc|iPhoneSimulator
		AppStore|Any CPU = AppStore|Any CPU
		AppStore|iPhone = AppStore|iPhone
		AppStore|iPhoneSimulator = AppStore|iPhoneSimulator
		Debug|Any CPU = Debug|Any CPU
		Debug|iPhone = Debug|iPhone
		Debug|iPhoneSimulator = Debug|iPhoneSimulator
		Release|Any CPU = Release|Any CPU
		Release|iPhone = Release|iPhone
		Release|iPhoneSimulator = Release|iPhoneSimulator
	EndGlobalSection
	GlobalSection(ProjectConfigurationPlatforms) = postSolution
		{9B901E03-8331-427D-842A-A30E08C3EDF0}.Ad-Hoc|Any CPU.ActiveCfg = Release|Any CPU
		{9B901E03-8331-427D-842A-A30E08C3EDF0}.Ad-Hoc|Any CPU.Build.0 = Release|Any CPU
		{9B901E03-8331-427D-842A-A30E08C3EDF0}.Ad-Hoc|Any CPU.Deploy.0 = Release|Any CPU
		{9B901E03-8331-427D-842A-A30E08C3EDF0}.Ad-Hoc|iPhone.ActiveCfg = Release|Any CPU
		{9B901E03-8331-427D-842A-A30E08C3EDF0}.Ad-Hoc|iPhone.Build.0 = Release|Any CPU
		{9B901E03-8331-427D-842A-A30E08C3EDF0}.Ad-Hoc|iPhone.Deploy.0 = Release|Any CPU
		{9B901E03-8331-427D-842A-A30E08C3EDF0}.Ad-Hoc|iPhoneSimulator.ActiveCfg = Release|Any CPU
		{9B901E03-8331-427D-842A-A30E08C3EDF0}.Ad-Hoc|iPhoneSimulator.Build.0 = Release|Any CPU
		{9B901E03-8331-427D-842A-A30E08C3EDF0}.Ad-Hoc|iPhoneSimulator.Deploy.0 = Release|Any CPU
		{9B901E03-8331-427D-842A-A30E08C3EDF0}.AppStore|Any CPU.ActiveCfg = Release|Any CPU
		{9B901E03-8331-427D-842A-A30E08C3EDF0}.AppStore|Any CPU.Build.0 = Release|Any CPU
		{9B901E03-8331-427D-842A-A30E08C3EDF0}.AppStore|Any CPU.Deploy.0 = Release|Any CPU
		{9B901E03-8331-427D-842A-A30E08C3EDF0}.AppStore|iPhone.ActiveCfg = Release|Any CPU
		{9B901E03-8331-427D-842A-A30E08C3EDF0}.AppStore|iPhone.Build.0 = Release|Any CPU
		{9B901E03-8331-427D-842A-A30E08C3EDF0}.AppStore|iPhone.Deploy.0 = Release|Any CPU
		{9B901E03-8331-427D-842A-A30E08C3EDF0}.AppStore|iPhoneSimulator.ActiveCfg = Release|Any CPU
		{9B901E03-8331-427D-842A-A30E08C3EDF0}.AppStore|iPhoneSimulator.Build.0 = Release|Any CPU
		{9B901E03-8331-427D-842A-A30E08C3EDF0}.AppStore|iPhoneSimulator.Deploy.0 = Release|Any CPU
		{9B901E03-8331-427D-842A-A30E08C3EDF0}.Debug|Any CPU.ActiveCfg = Debug|Any CPU
		{9B901E03-8331-427D-842A-A30E08C3EDF0}.Debug|Any CPU.Build.0 = Debug|Any CPU
		{9B901E03-8331-427D-842A-A30E08C3EDF0}.Debug|Any CPU.Deploy.0 = Debug|Any CPU
		{9B901E03-8331-427D-842A-A30E08C3EDF0}.Debug|iPhone.ActiveCfg = Debug|Any CPU
		{9B901E03-8331-427D-842A-A30E08C3EDF0}.Debug|iPhone.Build.0 = Debug|Any CPU
		{9B901E03-8331-427D-842A-A30E08C3EDF0}.Debug|iPhone.Deploy.0 = Debug|Any CPU
		{9B901E03-8331-427D-842A-A30E08C3EDF0}.Debug|iPhoneSimulator.ActiveCfg = Debug|Any CPU
		{9B901E03-8331-427D-842A-A30E08C3EDF0}.Debug|iPhoneSimulator.Build.0 = Debug|Any CPU
		{9B901E03-8331-427D-842A-A30E08C3EDF0}.Debug|iPhoneSimulator.Deploy.0 = Debug|Any CPU
		{9B901E03-8331-427D-842A-A30E08C3EDF0}.Release|Any CPU.ActiveCfg = Release|Any CPU
		{9B901E03-8331-427D-842A-A30E08C3EDF0}.Release|Any CPU.Build.0 = Release|Any CPU
		{9B901E03-8331-427D-842A-A30E08C3EDF0}.Release|Any CPU.Deploy.0 = Release|Any CPU
		{9B901E03-8331-427D-842A-A30E08C3EDF0}.Release|iPhone.ActiveCfg = Release|Any CPU
		{9B901E03-8331-427D-842A-A30E08C3EDF0}.Release|iPhone.Build.0 = Release|Any CPU
		{9B901E03-8331-427D-842A-A30E08C3EDF0}.Release|iPhone.Deploy.0 = Release|Any CPU
		{9B901E03-8331-427D-842A-A30E08C3EDF0}.Release|iPhoneSimulator.ActiveCfg = Release|Any CPU
		{9B901E03-8331-427D-842A-A30E08C3EDF0}.Release|iPhoneSimulator.Build.0 = Release|Any CPU
		{9B901E03-8331-427D-842A-A30E08C3EDF0}.Release|iPhoneSimulator.Deploy.0 = Release|Any CPU
		{968C5B1E-3FB3-478D-8A83-13EEF8A1D5D4}.Ad-Hoc|Any CPU.ActiveCfg = Ad-Hoc|iPhone
		{968C5B1E-3FB3-478D-8A83-13EEF8A1D5D4}.Ad-Hoc|Any CPU.Build.0 = Ad-Hoc|iPhone
		{968C5B1E-3FB3-478D-8A83-13EEF8A1D5D4}.Ad-Hoc|Any CPU.Deploy.0 = Ad-Hoc|iPhone
		{968C5B1E-3FB3-478D-8A83-13EEF8A1D5D4}.Ad-Hoc|iPhone.ActiveCfg = Ad-Hoc|iPhone
		{968C5B1E-3FB3-478D-8A83-13EEF8A1D5D4}.Ad-Hoc|iPhone.Build.0 = Ad-Hoc|iPhone
		{968C5B1E-3FB3-478D-8A83-13EEF8A1D5D4}.Ad-Hoc|iPhone.Deploy.0 = Ad-Hoc|iPhone
		{968C5B1E-3FB3-478D-8A83-13EEF8A1D5D4}.Ad-Hoc|iPhoneSimulator.ActiveCfg = Ad-Hoc|iPhoneSimulator
		{968C5B1E-3FB3-478D-8A83-13EEF8A1D5D4}.Ad-Hoc|iPhoneSimulator.Build.0 = Ad-Hoc|iPhoneSimulator
		{968C5B1E-3FB3-478D-8A83-13EEF8A1D5D4}.Ad-Hoc|iPhoneSimulator.Deploy.0 = Ad-Hoc|iPhoneSimulator
		{968C5B1E-3FB3-478D-8A83-13EEF8A1D5D4}.AppStore|Any CPU.ActiveCfg = AppStore|iPhone
		{968C5B1E-3FB3-478D-8A83-13EEF8A1D5D4}.AppStore|Any CPU.Build.0 = AppStore|iPhone
		{968C5B1E-3FB3-478D-8A83-13EEF8A1D5D4}.AppStore|Any CPU.Deploy.0 = AppStore|iPhone
		{968C5B1E-3FB3-478D-8A83-13EEF8A1D5D4}.AppStore|iPhone.ActiveCfg = AppStore|iPhone
		{968C5B1E-3FB3-478D-8A83-13EEF8A1D5D4}.AppStore|iPhone.Build.0 = AppStore|iPhone
		{968C5B1E-3FB3-478D-8A83-13EEF8A1D5D4}.AppStore|iPhone.Deploy.0 = AppStore|iPhone
		{968C5B1E-3FB3-478D-8A83-13EEF8A1D5D4}.AppStore|iPhoneSimulator.ActiveCfg = AppStore|iPhoneSimulator
		{968C5B1E-3FB3-478D-8A83-13EEF8A1D5D4}.AppStore|iPhoneSimulator.Build.0 = AppStore|iPhoneSimulator
		{968C5B1E-3FB3-478D-8A83-13EEF8A1D5D4}.AppStore|iPhoneSimulator.Deploy.0 = AppStore|iPhoneSimulator
		{968C5B1E-3FB3-478D-8A83-13EEF8A1D5D4}.Debug|Any CPU.ActiveCfg = Debug|iPhoneSimulator
		{968C5B1E-3FB3-478D-8A83-13EEF8A1D5D4}.Debug|Any CPU.Build.0 = Debug|iPhoneSimulator
		{968C5B1E-3FB3-478D-8A83-13EEF8A1D5D4}.Debug|Any CPU.Deploy.0 = Debug|iPhoneSimulator
		{968C5B1E-3FB3-478D-8A83-13EEF8A1D5D4}.Debug|iPhone.ActiveCfg = Debug|iPhone
		{968C5B1E-3FB3-478D-8A83-13EEF8A1D5D4}.Debug|iPhone.Build.0 = Debug|iPhone
		{968C5B1E-3FB3-478D-8A83-13EEF8A1D5D4}.Debug|iPhone.Deploy.0 = Debug|iPhone
		{968C5B1E-3FB3-478D-8A83-13EEF8A1D5D4}.Debug|iPhoneSimulator.ActiveCfg = Debug|iPhoneSimulator
		{968C5B1E-3FB3-478D-8A83-13EEF8A1D5D4}.Debug|iPhoneSimulator.Build.0 = Debug|iPhoneSimulator
		{968C5B1E-3FB3-478D-8A83-13EEF8A1D5D4}.Debug|iPhoneSimulator.Deploy.0 = Debug|iPhoneSimulator
		{968C5B1E-3FB3-478D-8A83-13EEF8A1D5D4}.Release|Any CPU.ActiveCfg = Release|iPhone
		{968C5B1E-3FB3-478D-8A83-13EEF8A1D5D4}.Release|Any CPU.Build.0 = Release|iPhone
		{968C5B1E-3FB3-478D-8A83-13EEF8A1D5D4}.Release|Any CPU.Deploy.0 = Release|iPhone
		{968C5B1E-3FB3-478D-8A83-13EEF8A1D5D4}.Release|iPhone.ActiveCfg = Release|iPhone
		{968C5B1E-3FB3-478D-8A83-13EEF8A1D5D4}.Release|iPhone.Build.0 = Release|iPhone
		{968C5B1E-3FB3-478D-8A83-13EEF8A1D5D4}.Release|iPhone.Deploy.0 = Release|iPhone
		{968C5B1E-3FB3-478D-8A83-13EEF8A1D5D4}.Release|iPhoneSimulator.ActiveCfg = Release|iPhoneSimulator
		{968C5B1E-3FB3-478D-8A83-13EEF8A1D5D4}.Release|iPhoneSimulator.Build.0 = Release|iPhoneSimulator
		{968C5B1E-3FB3-478D-8A83-13EEF8A1D5D4}.Release|iPhoneSimulator.Deploy.0 = Release|iPhoneSimulator
		{461B99E0-E2F5-4083-9FA0-B40CB7B2797C}.Ad-Hoc|Any CPU.ActiveCfg = Debug|Any CPU
		{461B99E0-E2F5-4083-9FA0-B40CB7B2797C}.Ad-Hoc|Any CPU.Build.0 = Debug|Any CPU
		{461B99E0-E2F5-4083-9FA0-B40CB7B2797C}.Ad-Hoc|Any CPU.Deploy.0 = Debug|Any CPU
		{461B99E0-E2F5-4083-9FA0-B40CB7B2797C}.Ad-Hoc|iPhone.ActiveCfg = Debug|Any CPU
		{461B99E0-E2F5-4083-9FA0-B40CB7B2797C}.Ad-Hoc|iPhone.Build.0 = Debug|Any CPU
		{461B99E0-E2F5-4083-9FA0-B40CB7B2797C}.Ad-Hoc|iPhone.Deploy.0 = Debug|Any CPU
		{461B99E0-E2F5-4083-9FA0-B40CB7B2797C}.Ad-Hoc|iPhoneSimulator.ActiveCfg = Debug|Any CPU
		{461B99E0-E2F5-4083-9FA0-B40CB7B2797C}.Ad-Hoc|iPhoneSimulator.Build.0 = Debug|Any CPU
		{461B99E0-E2F5-4083-9FA0-B40CB7B2797C}.Ad-Hoc|iPhoneSimulator.Deploy.0 = Debug|Any CPU
		{461B99E0-E2F5-4083-9FA0-B40CB7B2797C}.AppStore|Any CPU.ActiveCfg = Debug|Any CPU
		{461B99E0-E2F5-4083-9FA0-B40CB7B2797C}.AppStore|Any CPU.Build.0 = Debug|Any CPU
		{461B99E0-E2F5-4083-9FA0-B40CB7B2797C}.AppStore|Any CPU.Deploy.0 = Debug|Any CPU
		{461B99E0-E2F5-4083-9FA0-B40CB7B2797C}.AppStore|iPhone.ActiveCfg = Debug|Any CPU
		{461B99E0-E2F5-4083-9FA0-B40CB7B2797C}.AppStore|iPhone.Build.0 = Debug|Any CPU
		{461B99E0-E2F5-4083-9FA0-B40CB7B2797C}.AppStore|iPhone.Deploy.0 = Debug|Any CPU
		{461B99E0-E2F5-4083-9FA0-B40CB7B2797C}.AppStore|iPhoneSimulator.ActiveCfg = Debug|Any CPU
		{461B99E0-E2F5-4083-9FA0-B40CB7B2797C}.AppStore|iPhoneSimulator.Build.0 = Debug|Any CPU
		{461B99E0-E2F5-4083-9FA0-B40CB7B2797C}.AppStore|iPhoneSimulator.Deploy.0 = Debug|Any CPU
		{461B99E0-E2F5-4083-9FA0-B40CB7B2797C}.Debug|Any CPU.ActiveCfg = Debug|Any CPU
		{461B99E0-E2F5-4083-9FA0-B40CB7B2797C}.Debug|Any CPU.Build.0 = Debug|Any CPU
		{461B99E0-E2F5-4083-9FA0-B40CB7B2797C}.Debug|Any CPU.Deploy.0 = Debug|Any CPU
		{461B99E0-E2F5-4083-9FA0-B40CB7B2797C}.Debug|iPhone.ActiveCfg = Debug|Any CPU
		{461B99E0-E2F5-4083-9FA0-B40CB7B2797C}.Debug|iPhone.Build.0 = Debug|Any CPU
		{461B99E0-E2F5-4083-9FA0-B40CB7B2797C}.Debug|iPhone.Deploy.0 = Debug|Any CPU
		{461B99E0-E2F5-4083-9FA0-B40CB7B2797C}.Debug|iPhoneSimulator.ActiveCfg = Debug|Any CPU
		{461B99E0-E2F5-4083-9FA0-B40CB7B2797C}.Debug|iPhoneSimulator.Build.0 = Debug|Any CPU
		{461B99E0-E2F5-4083-9FA0-B40CB7B2797C}.Debug|iPhoneSimulator.Deploy.0 = Debug|Any CPU
		{461B99E0-E2F5-4083-9FA0-B40CB7B2797C}.Release|Any CPU.ActiveCfg = Release|Any CPU
		{461B99E0-E2F5-4083-9FA0-B40CB7B2797C}.Release|Any CPU.Build.0 = Release|Any CPU
		{461B99E0-E2F5-4083-9FA0-B40CB7B2797C}.Release|Any CPU.Deploy.0 = Release|Any CPU
		{461B99E0-E2F5-4083-9FA0-B40CB7B2797C}.Release|iPhone.ActiveCfg = Release|Any CPU
		{461B99E0-E2F5-4083-9FA0-B40CB7B2797C}.Release|iPhone.Build.0 = Release|Any CPU
		{461B99E0-E2F5-4083-9FA0-B40CB7B2797C}.Release|iPhone.Deploy.0 = Release|Any CPU
		{461B99E0-E2F5-4083-9FA0-B40CB7B2797C}.Release|iPhoneSimulator.ActiveCfg = Release|Any CPU
		{461B99E0-E2F5-4083-9FA0-B40CB7B2797C}.Release|iPhoneSimulator.Build.0 = Release|Any CPU
		{461B99E0-E2F5-4083-9FA0-B40CB7B2797C}.Release|iPhoneSimulator.Deploy.0 = Release|Any CPU
	EndGlobalSection
	GlobalSection(SolutionProperties) = preSolution
		HideSolutionNode = FALSE
	EndGlobalSection
	GlobalSection(ExtensibilityGlobals) = postSolution
		SolutionGuid = {C153ABC2-8EDB-4290-A6E5-C7EC1146404A}
	EndGlobalSection
EndGlobal
